
Microsoft Visual Studio Solution File, Format Version 12.00
# Visual Studio 2013
VisualStudioVersion = 12.0.21005.1
MinimumVisualStudioVersion = 10.0.40219.1
Project("{FAE04EC0-301F-11D3-BF4B-00C04F79EFBC}") = "Microsoft.Crm.Isv.CustomizationComparisonUtility", "Microsoft.Crm.Isv.CustomizationComparisonUtility\Microsoft.Crm.Isv.CustomizationComparisonUtility.csproj", "{0318EDCD-F16E-4250-8761-8A4DA6040A81}"
EndProject
Project("{FAE04EC0-301F-11D3-BF4B-00C04F79EFBC}") = "Microsoft.Crm.Isv", "Microsoft.Crm.Isv\Microsoft.Crm.Isv.csproj", "{EDEB55A9-1BD4-475E-AD17-4EC085189D29}"
EndProject
Project("{2150E333-8FDC-42A3-9474-1A3956D46DE8}") = "Lib", "Lib", "{1E74E452-BB7C-4B2D-9A18-AA34F17A3EDC}"
	ProjectSection(SolutionItems) = preProject
		Lib\Ionic.Zip.dll = Lib\Ionic.Zip.dll
		Lib\microsoft.crm.sdk.dll = Lib\microsoft.crm.sdk.dll
		Lib\microsoft.crm.sdktypeproxy.dll = Lib\microsoft.crm.sdktypeproxy.dll
	EndProjectSection
EndProject
Global
	GlobalSection(TeamFoundationVersionControl) = preSolution
		SccNumberOfProjects = 3
		SccEnterpriseProvider = {4CA58AB2-18FA-4F8D-95D4-32DDF27D184C}
		SccTeamFoundationServer = https://daboostr.visualstudio.com/defaultcollection
		SccLocalPath0 = .
		SccProjectUniqueName1 = Microsoft.Crm.Isv.CustomizationComparisonUtility\\Microsoft.Crm.Isv.CustomizationComparisonUtility.csproj
		SccProjectName1 = Microsoft.Crm.Isv.CustomizationComparisonUtility
		SccLocalPath1 = Microsoft.Crm.Isv.CustomizationComparisonUtility
		SccProjectUniqueName2 = Microsoft.Crm.Isv\\Microsoft.Crm.Isv.csproj
		SccProjectName2 = Microsoft.Crm.Isv
		SccLocalPath2 = Microsoft.Crm.Isv
	EndGlobalSection
	GlobalSection(SolutionConfigurationPlatforms) = preSolution
		Debug|Any CPU = Debug|Any CPU
		Release|Any CPU = Release|Any CPU
	EndGlobalSection
	GlobalSection(ProjectConfigurationPlatforms) = postSolution
		{0318EDCD-F16E-4250-8761-8A4DA6040A81}.Debug|Any CPU.ActiveCfg = Debug|Any CPU
		{0318EDCD-F16E-4250-8761-8A4DA6040A81}.Debug|Any CPU.Build.0 = Debug|Any CPU
		{0318EDCD-F16E-4250-8761-8A4DA6040A81}.Release|Any CPU.ActiveCfg = Release|Any CPU
		{0318EDCD-F16E-4250-8761-8A4DA6040A81}.Release|Any CPU.Build.0 = Release|Any CPU
		{EDEB55A9-1BD4-475E-AD17-4EC085189D29}.Debug|Any CPU.ActiveCfg = Debug|Any CPU
		{EDEB55A9-1BD4-475E-AD17-4EC085189D29}.Debug|Any CPU.Build.0 = Debug|Any CPU
		{EDEB55A9-1BD4-475E-AD17-4EC085189D29}.Release|Any CPU.ActiveCfg = Release|Any CPU
		{EDEB55A9-1BD4-475E-AD17-4EC085189D29}.Release|Any CPU.Build.0 = Release|Any CPU
	EndGlobalSection
	GlobalSection(SolutionProperties) = preSolution
		HideSolutionNode = FALSE
	EndGlobalSection
EndGlobal
